
Microsoft Visual Studio Solution File, Format Version 12.00
# Visual Studio Version 16
VisualStudioVersion = 16.0.29920.165
MinimumVisualStudioVersion = 10.0.40219.1
Project("{9A19103F-16F7-4668-BE54-9A1E7A4F7556}") = "PortfolioWebsite.Client", "PortfolioWebsite\Client\PortfolioWebsite.Client.csproj", "{992BBDCD-3BF8-49CD-9265-16370AA82531}"
EndProject
Project("{9A19103F-16F7-4668-BE54-9A1E7A4F7556}") = "PortfolioWebsite.Shared", "PortfolioWebsite\Shared\PortfolioWebsite.Shared.csproj", "{01E450E8-A093-4749-8839-472067E23812}"
EndProject
Project("{9A19103F-16F7-4668-BE54-9A1E7A4F7556}") = "PortfolioWebsite.Server", "PortfolioWebsite\Server\PortfolioWebsite.Server.csproj", "{6A87E21C-4A8F-4A71-A184-0FD4D23E7193}"
EndProject
Global
	GlobalSection(SolutionConfigurationPlatforms) = preSolution
		Debug|Any CPU = Debug|Any CPU
		Release|Any CPU = Release|Any CPU
	EndGlobalSection
	GlobalSection(ProjectConfigurationPlatforms) = postSolution
		{992BBDCD-3BF8-49CD-9265-16370AA82531}.Debug|Any CPU.ActiveCfg = Debug|Any CPU
		{992BBDCD-3BF8-49CD-9265-16370AA82531}.Debug|Any CPU.Build.0 = Debug|Any CPU
		{992BBDCD-3BF8-49CD-9265-16370AA82531}.Release|Any CPU.ActiveCfg = Release|Any CPU
		{992BBDCD-3BF8-49CD-9265-16370AA82531}.Release|Any CPU.Build.0 = Release|Any CPU
		{01E450E8-A093-4749-8839-472067E23812}.Debug|Any CPU.ActiveCfg = Debug|Any CPU
		{01E450E8-A093-4749-8839-472067E23812}.Debug|Any CPU.Build.0 = Debug|Any CPU
		{01E450E8-A093-4749-8839-472067E23812}.Release|Any CPU.ActiveCfg = Release|Any CPU
		{01E450E8-A093-4749-8839-472067E23812}.Release|Any CPU.Build.0 = Release|Any CPU
		{6A87E21C-4A8F-4A71-A184-0FD4D23E7193}.Debug|Any CPU.ActiveCfg = Debug|Any CPU
		{6A87E21C-4A8F-4A71-A184-0FD4D23E7193}.Debug|Any CPU.Build.0 = Debug|Any CPU
		{6A87E21C-4A8F-4A71-A184-0FD4D23E7193}.Release|Any CPU.ActiveCfg = Release|Any CPU
		{6A87E21C-4A8F-4A71-A184-0FD4D23E7193}.Release|Any CPU.Build.0 = Release|Any CPU
	EndGlobalSection
	GlobalSection(SolutionProperties) = preSolution
		HideSolutionNode = FALSE
	EndGlobalSection
	GlobalSection(ExtensibilityGlobals) = postSolution
		SolutionGuid = {9411C54D-37DC-447B-9A12-1073CC0267C9}
	EndGlobalSection
EndGlobal
